
Microsoft Visual Studio Solution File, Format Version 12.00
# Visual Studio Version 16
VisualStudioVersion = 16.0.30804.86
MinimumVisualStudioVersion = 10.0.40219.1
Project("{FAE04EC0-301F-11D3-BF4B-00C04F79EFBC}") = "SmokeAndRegression", "SmokeAndRegression\SmokeAndRegression.csproj", "{C033CE20-0A48-4EFD-8840-60990D15B827}"
EndProject
Global
	GlobalSection(SolutionConfigurationPlatforms) = preSolution
		Debug|Any CPU = Debug|Any CPU
		Release|Any CPU = Release|Any CPU
	EndGlobalSection
	GlobalSection(ProjectConfigurationPlatforms) = postSolution
		{C033CE20-0A48-4EFD-8840-60990D15B827}.Debug|Any CPU.ActiveCfg = Debug|Any CPU
		{C033CE20-0A48-4EFD-8840-60990D15B827}.Debug|Any CPU.Build.0 = Debug|Any CPU
		{C033CE20-0A48-4EFD-8840-60990D15B827}.Release|Any CPU.ActiveCfg = Release|Any CPU
		{C033CE20-0A48-4EFD-8840-60990D15B827}.Release|Any CPU.Build.0 = Release|Any CPU
	EndGlobalSection
	GlobalSection(SolutionProperties) = preSolution
		HideSolutionNode = FALSE
	EndGlobalSection
	GlobalSection(ExtensibilityGlobals) = postSolution
		SolutionGuid = {D8D39D18-F48A-4392-8A43-63169B427404}
	EndGlobalSection
EndGlobal
